
Microsoft Visual Studio Solution File, Format Version 12.00
# Visual Studio Version 17
VisualStudioVersion = 17.7.34009.444
MinimumVisualStudioVersion = 10.0.40219.1
Project("{FAE04EC0-301F-11D3-BF4B-00C04F79EFBC}") = "WindowsFormsApp5", "WindowsFormsApp5\WindowsFormsApp5.csproj", "{D187550E-EE97-4565-BA9A-EBC1A9F02491}"
EndProject
Global
	GlobalSection(SolutionConfigurationPlatforms) = preSolution
		Debug|Any CPU = Debug|Any CPU
		Release|Any CPU = Release|Any CPU
	EndGlobalSection
	GlobalSection(ProjectConfigurationPlatforms) = postSolution
		{D187550E-EE97-4565-BA9A-EBC1A9F02491}.Debug|Any CPU.ActiveCfg = Debug|Any CPU
		{D187550E-EE97-4565-BA9A-EBC1A9F02491}.Debug|Any CPU.Build.0 = Debug|Any CPU
		{D187550E-EE97-4565-BA9A-EBC1A9F02491}.Release|Any CPU.ActiveCfg = Release|Any CPU
		{D187550E-EE97-4565-BA9A-EBC1A9F02491}.Release|Any CPU.Build.0 = Release|Any CPU
	EndGlobalSection
	GlobalSection(SolutionProperties) = preSolution
		HideSolutionNode = FALSE
	EndGlobalSection
	GlobalSection(ExtensibilityGlobals) = postSolution
		SolutionGuid = {6EA6AEB5-0738-4B6B-AAA3-BB4034807075}
	EndGlobalSection
EndGlobal
