
Microsoft Visual Studio Solution File, Format Version 12.00
# Visual Studio Version 17
VisualStudioVersion = 17.4.33213.308
MinimumVisualStudioVersion = 10.0.40219.1
Project("{FAE04EC0-301F-11D3-BF4B-00C04F79EFBC}") = "EjercicioV52", "EjercicioV52\EjercicioV52.csproj", "{587CAE6B-9C2C-4814-B00B-35C1CF6F6E9D}"
EndProject
Global
	GlobalSection(SolutionConfigurationPlatforms) = preSolution
		Debug|Any CPU = Debug|Any CPU
		Release|Any CPU = Release|Any CPU
	EndGlobalSection
	GlobalSection(ProjectConfigurationPlatforms) = postSolution
		{587CAE6B-9C2C-4814-B00B-35C1CF6F6E9D}.Debug|Any CPU.ActiveCfg = Debug|Any CPU
		{587CAE6B-9C2C-4814-B00B-35C1CF6F6E9D}.Debug|Any CPU.Build.0 = Debug|Any CPU
		{587CAE6B-9C2C-4814-B00B-35C1CF6F6E9D}.Release|Any CPU.ActiveCfg = Release|Any CPU
		{587CAE6B-9C2C-4814-B00B-35C1CF6F6E9D}.Release|Any CPU.Build.0 = Release|Any CPU
	EndGlobalSection
	GlobalSection(SolutionProperties) = preSolution
		HideSolutionNode = FALSE
	EndGlobalSection
	GlobalSection(ExtensibilityGlobals) = postSolution
		SolutionGuid = {F5D9D6A5-ADDE-4E9F-9E10-21946E0C2B1D}
	EndGlobalSection
EndGlobal
