
Microsoft Visual Studio Solution File, Format Version 12.00
# Visual Studio Version 17
VisualStudioVersion = 17.3.32929.385
MinimumVisualStudioVersion = 10.0.40219.1
Project("{FAE04EC0-301F-11D3-BF4B-00C04F79EFBC}") = "Ejercicio8", "Ejercicio8\Ejercicio8.csproj", "{BECD0B51-E085-4DCD-A5AB-1808BF7F3715}"
EndProject
Global
	GlobalSection(SolutionConfigurationPlatforms) = preSolution
		Debug|Any CPU = Debug|Any CPU
		Release|Any CPU = Release|Any CPU
	EndGlobalSection
	GlobalSection(ProjectConfigurationPlatforms) = postSolution
		{BECD0B51-E085-4DCD-A5AB-1808BF7F3715}.Debug|Any CPU.ActiveCfg = Debug|Any CPU
		{BECD0B51-E085-4DCD-A5AB-1808BF7F3715}.Debug|Any CPU.Build.0 = Debug|Any CPU
		{BECD0B51-E085-4DCD-A5AB-1808BF7F3715}.Release|Any CPU.ActiveCfg = Release|Any CPU
		{BECD0B51-E085-4DCD-A5AB-1808BF7F3715}.Release|Any CPU.Build.0 = Release|Any CPU
	EndGlobalSection
	GlobalSection(SolutionProperties) = preSolution
		HideSolutionNode = FALSE
	EndGlobalSection
	GlobalSection(ExtensibilityGlobals) = postSolution
		SolutionGuid = {FF63DE69-934B-4E15-AF1F-F10EB0798F21}
	EndGlobalSection
EndGlobal
